// !$*UTF8*$!
{
	archiveVersion = 1;
	classes = {
	};
	objectVersion = 46;
	objects = {

/* Begin PBXBuildFile section */
		86C8CB541DA73B11004D8680 /* StickerPackExtension.appex in Embed App Extensions */ = {isa = PBXBuildFile; fileRef = 86C8CB531DA73B11004D8680 /* StickerPackExtension.appex */; settings = {ATTRIBUTES = (RemoveHeadersOnCopy, ); }; };
		86C8CB581DA73B11004D8680 /* Stickers.xcstickers in Resources */ = {isa = PBXBuildFile; fileRef = 86C8CB571DA73B11004D8680 /* Stickers.xcstickers */; };
		86C8CB591DA73B11004D8680 /* Stickers.xcstickers in Resources */ = {isa = PBXBuildFile; fileRef = 86C8CB571DA73B11004D8680 /* Stickers.xcstickers */; };
/* End PBXBuildFile section */

/* Begin PBXContainerItemProxy section */
		86C8CB551DA73B11004D8680 /* PBXContainerItemProxy */ = {
			isa = PBXContainerItemProxy;
			containerPortal = 86C8CB491DA73B11004D8680 /* Project object */;
			proxyType = 1;
			remoteGlobalIDString = 86C8CB521DA73B11004D8680;
			remoteInfo = StickerPackExtension;
		};
/* End PBXContainerItemProxy section */

/* Begin PBXCopyFilesBuildPhase section */
		86C8CB5F1DA73B11004D8680 /* Embed App Extensions */ = {
			isa = PBXCopyFilesBuildPhase;
			buildActionMask = 2147483647;
			dstPath = "";
			dstSubfolderSpec = 13;
			files = (
				86C8CB541DA73B11004D8680 /* StickerPackExtension.appex in Embed App Extensions */,
			);
			name = "Embed App Extensions";
			runOnlyForDeploymentPostprocessing = 0;
		};
/* End PBXCopyFilesBuildPhase section */

/* Begin PBXFileReference section */
		86C8CB4F1DA73B11004D8680 /* MemeAwesome Vol1.app */ = {isa = PBXFileReference; explicitFileType = wrapper.application; includeInIndex = 0; path = "MemeAwesome Vol1.app"; sourceTree = BUILT_PRODUCTS_DIR; };
		86C8CB531DA73B11004D8680 /* StickerPackExtension.appex */ = {isa = PBXFileReference; explicitFileType = "wrapper.app-extension"; includeInIndex = 0; path = StickerPackExtension.appex; sourceTree = BUILT_PRODUCTS_DIR; };
		86C8CB571DA73B11004D8680 /* Stickers.xcstickers */ = {isa = PBXFileReference; lastKnownFileType = folder.stickers; name = Stickers.xcstickers; path = StickerPackExtension/Stickers.xcstickers; sourceTree = "<group>"; };
/* End PBXFileReference section */

/* Begin PBXGroup section */
		86C8CB481DA73B11004D8680 = {
			isa = PBXGroup;
			children = (
				86C8CB571DA73B11004D8680 /* Stickers.xcstickers */,
				86C8CB501DA73B11004D8680 /* Products */,
			);
			sourceTree = "<group>";
		};
		86C8CB501DA73B11004D8680 /* Products */ = {
			isa = PBXGroup;
			children = (
				86C8CB4F1DA73B11004D8680 /* MemeAwesome Vol1.app */,
				86C8CB531DA73B11004D8680 /* StickerPackExtension.appex */,
			);
			name = Products;
			sourceTree = "<group>";
		};
/* End PBXGroup section */

/* Begin PBXNativeTarget section */
		86C8CB4E1DA73B11004D8680 /* MemeAwesome Vol1 */ = {
			isa = PBXNativeTarget;
			buildConfigurationList = 86C8CB601DA73B11004D8680 /* Build configuration list for PBXNativeTarget "MemeAwesome Vol1" */;
			buildPhases = (
				86C8CB4D1DA73B11004D8680 /* Resources */,
				86C8CB5F1DA73B11004D8680 /* Embed App Extensions */,
			);
			buildRules = (
			);
			dependencies = (
				86C8CB561DA73B11004D8680 /* PBXTargetDependency */,
			);
			name = "MemeAwesome Vol1";
			productName = "MemeAwesome Vol1";
			productReference = 86C8CB4F1DA73B11004D8680 /* MemeAwesome Vol1.app */;
			productType = "com.apple.product-type.application.messages";
		};
		86C8CB521DA73B11004D8680 /* StickerPackExtension */ = {
			isa = PBXNativeTarget;
			buildConfigurationList = 86C8CB5C1DA73B11004D8680 /* Build configuration list for PBXNativeTarget "StickerPackExtension" */;
			buildPhases = (
				86C8CB511DA73B11004D8680 /* Resources */,
			);
			buildRules = (
			);
			dependencies = (
			);
			name = StickerPackExtension;
			productName = StickerPackExtension;
			productReference = 86C8CB531DA73B11004D8680 /* StickerPackExtension.appex */;
			productType = "com.apple.product-type.app-extension.messages-sticker-pack";
		};
/* End PBXNativeTarget section */

/* Begin PBXProject section */
		86C8CB491DA73B11004D8680 /* Project object */ = {
			isa = PBXProject;
			attributes = {
				LastUpgradeCheck = 0800;
				ORGANIZATIONNAME = jarjarapps;
				TargetAttributes = {
					86C8CB4E1DA73B11004D8680 = {
						CreatedOnToolsVersion = 8.0;
						ProvisioningStyle = Automatic;
					};
					86C8CB521DA73B11004D8680 = {
						CreatedOnToolsVersion = 8.0;
						ProvisioningStyle = Automatic;
					};
				};
			};
			buildConfigurationList = 86C8CB4C1DA73B11004D8680 /* Build configuration list for PBXProject "MemeAwesome Vol1" */;
			compatibilityVersion = "Xcode 3.2";
			developmentRegion = English;
			hasScannedForEncodings = 0;
			knownRegions = (
				en,
			);
			mainGroup = 86C8CB481DA73B11004D8680;
			productRefGroup = 86C8CB501DA73B11004D8680 /* Products */;
			projectDirPath = "";
			projectRoot = "";
			targets = (
				86C8CB4E1DA73B11004D8680 /* MemeAwesome Vol1 */,
				86C8CB521DA73B11004D8680 /* StickerPackExtension */,
			);
		};
/* End PBXProject section */

/* Begin PBXResourcesBuildPhase section */
		86C8CB4D1DA73B11004D8680 /* Resources */ = {
			isa = PBXResourcesBuildPhase;
			buildActionMask = 2147483647;
			files = (
				86C8CB591DA73B11004D8680 /* Stickers.xcstickers in Resources */,
			);
			runOnlyForDeploymentPostprocessing = 0;
		};
		86C8CB511DA73B11004D8680 /* Resources */ = {
			isa = PBXResourcesBuildPhase;
			buildActionMask = 2147483647;
			files = (
				86C8CB581DA73B11004D8680 /* Stickers.xcstickers in Resources */,
			);
			runOnlyForDeploymentPostprocessing = 0;
		};
/* End PBXResourcesBuildPhase section */

/* Begin PBXTargetDependency section */
		86C8CB561DA73B11004D8680 /* PBXTargetDependency */ = {
			isa = PBXTargetDependency;
			target = 86C8CB521DA73B11004D8680 /* StickerPackExtension */;
			targetProxy = 86C8CB551DA73B11004D8680 /* PBXContainerItemProxy */;
		};
/* End PBXTargetDependency section */

/* Begin XCBuildConfiguration section */
		86C8CB5A1DA73B11004D8680 /* Debug */ = {
			isa = XCBuildConfiguration;
			buildSettings = {
				ALWAYS_SEARCH_USER_PATHS = NO;
				CLANG_ANALYZER_NONNULL = YES;
				CLANG_CXX_LANGUAGE_STANDARD = "gnu++0x";
				CLANG_CXX_LIBRARY = "libc++";
				CLANG_ENABLE_MODULES = YES;
				CLANG_ENABLE_OBJC_ARC = YES;
				CLANG_WARN_BOOL_CONVERSION = YES;
				CLANG_WARN_CONSTANT_CONVERSION = YES;
				CLANG_WARN_DIRECT_OBJC_ISA_USAGE = YES_ERROR;
				CLANG_WARN_DOCUMENTATION_COMMENTS = YES;
				CLANG_WARN_EMPTY_BODY = YES;
				CLANG_WARN_ENUM_CONVERSION = YES;
				CLANG_WARN_INFINITE_RECURSION = YES;
				CLANG_WARN_INT_CONVERSION = YES;
				CLANG_WARN_OBJC_ROOT_CLASS = YES_ERROR;
				CLANG_WARN_SUSPICIOUS_MOVES = YES;
				CLANG_WARN_UNREACHABLE_CODE = YES;
				CLANG_WARN__DUPLICATE_METHOD_MATCH = YES;
				"CODE_SIGN_IDENTITY[sdk=iphoneos*]" = "iPhone Developer";
				COPY_PHASE_STRIP = NO;
				DEBUG_INFORMATION_FORMAT = dwarf;
				ENABLE_STRICT_OBJC_MSGSEND = YES;
				ENABLE_TESTABILITY = YES;
				GCC_C_LANGUAGE_STANDARD = gnu99;
				GCC_DYNAMIC_NO_PIC = NO;
				GCC_NO_COMMON_BLOCKS = YES;
				GCC_OPTIMIZATION_LEVEL = 0;
				GCC_PREPROCESSOR_DEFINITIONS = (
					"DEBUG=1",
					"$(inherited)",
				);
				GCC_WARN_64_TO_32_BIT_CONVERSION = YES;
				GCC_WARN_ABOUT_RETURN_TYPE = YES_ERROR;
				GCC_WARN_UNDECLARED_SELECTOR = YES;
				GCC_WARN_UNINITIALIZED_AUTOS = YES_AGGRESSIVE;
				GCC_WARN_UNUSED_FUNCTION = YES;
				GCC_WARN_UNUSED_VARIABLE = YES;
				IPHONEOS_DEPLOYMENT_TARGET = 10.0;
				MTL_ENABLE_DEBUG_INFO = YES;
				ONLY_ACTIVE_ARCH = YES;
				SDKROOT = iphoneos;
			};
			name = Debug;
		};
		86C8CB5B1DA73B11004D8680 /* Release */ = {
			isa = XCBuildConfiguration;
			buildSettings = {
				ALWAYS_SEARCH_USER_PATHS = NO;
				CLANG_ANALYZER_NONNULL = YES;
				CLANG_CXX_LANGUAGE_STANDARD = "gnu++0x";
				CLANG_CXX_LIBRARY = "libc++";
				CLANG_ENABLE_MODULES = YES;
				CLANG_ENABLE_OBJC_ARC = YES;
				CLANG_WARN_BOOL_CONVERSION = YES;
				CLANG_WARN_CONSTANT_CONVERSION = YES;
				CLANG_WARN_DIRECT_OBJC_ISA_USAGE = YES_ERROR;
				CLANG_WARN_DOCUMENTATION_COMMENTS = YES;
				CLANG_WARN_EMPTY_BODY = YES;
				CLANG_WARN_ENUM_CONVERSION = YES;
				CLANG_WARN_INFINITE_RECURSION = YES;
				CLANG_WARN_INT_CONVERSION = YES;
				CLANG_WARN_OBJC_ROOT_CLASS = YES_ERROR;
				CLANG_WARN_SUSPICIOUS_MOVES = YES;
				CLANG_WARN_UNREACHABLE_CODE = YES;
				CLANG_WARN__DUPLICATE_METHOD_MATCH = YES;
				"CODE_SIGN_IDENTITY[sdk=iphoneos*]" = "iPhone Developer";
				COPY_PHASE_STRIP = NO;
				DEBUG_INFORMATION_FORMAT = "dwarf-with-dsym";
				ENABLE_NS_ASSERTIONS = NO;
				ENABLE_STRICT_OBJC_MSGSEND = YES;
				GCC_C_LANGUAGE_STANDARD = gnu99;
				GCC_NO_COMMON_BLOCKS = YES;
				GCC_WARN_64_TO_32_BIT_CONVERSION = YES;
				GCC_WARN_ABOUT_RETURN_TYPE = YES_ERROR;
				GCC_WARN_UNDECLARED_SELECTOR = YES;
				GCC_WARN_UNINITIALIZED_AUTOS = YES_AGGRESSIVE;
				GCC_WARN_UNUSED_FUNCTION = YES;
				GCC_WARN_UNUSED_VARIABLE = YES;
				IPHONEOS_DEPLOYMENT_TARGET = 10.0;
				MTL_ENABLE_DEBUG_INFO = NO;
				SDKROOT = iphoneos;
				VALIDATE_PRODUCT = YES;
			};
			name = Release;
		};
		86C8CB5D1DA73B11004D8680 /* Debug */ = {
			isa = XCBuildConfiguration;
			buildSettings = {
				ASSETCATALOG_COMPILER_APPICON_NAME = "iMessage App Icon";
				INFOPLIST_FILE = StickerPackExtension/Info.plist;
				PRODUCT_BUNDLE_IDENTIFIER = "jarjarapps.MemeAwesome-Vol1.StickerPackExtension";
				PRODUCT_NAME = "$(TARGET_NAME)";
				SKIP_INSTALL = YES;
			};
			name = Debug;
		};
		86C8CB5E1DA73B11004D8680 /* Release */ = {
			isa = XCBuildConfiguration;
			buildSettings = {
				ASSETCATALOG_COMPILER_APPICON_NAME = "iMessage App Icon";
				INFOPLIST_FILE = StickerPackExtension/Info.plist;
				PRODUCT_BUNDLE_IDENTIFIER = "jarjarapps.MemeAwesome-Vol1.StickerPackExtension";
				PRODUCT_NAME = "$(TARGET_NAME)";
				SKIP_INSTALL = YES;
			};
			name = Release;
		};
		86C8CB611DA73B11004D8680 /* Debug */ = {
			isa = XCBuildConfiguration;
			buildSettings = {
				ASSETCATALOG_COMPILER_APPICON_NAME = "iMessage App Icon";
				INFOPLIST_FILE = "MemeAwesome Vol1/Info.plist";
				PRODUCT_BUNDLE_IDENTIFIER = "jarjarapps.MemeAwesome-Vol1";
				PRODUCT_NAME = "$(TARGET_NAME)";
				TARGETED_DEVICE_FAMILY = "1,2";
			};
			name = Debug;
		};
		86C8CB621DA73B11004D8680 /* Release */ = {
			isa = XCBuildConfiguration;
			buildSettings = {
				ASSETCATALOG_COMPILER_APPICON_NAME = "iMessage App Icon";
				INFOPLIST_FILE = "MemeAwesome Vol1/Info.plist";
				PRODUCT_BUNDLE_IDENTIFIER = "jarjarapps.MemeAwesome-Vol1";
				PRODUCT_NAME = "$(TARGET_NAME)";
				TARGETED_DEVICE_FAMILY = "1,2";
			};
			name = Release;
		};
/* End XCBuildConfiguration section */

/* Begin XCConfigurationList section */
		86C8CB4C1DA73B11004D8680 /* Build configuration list for PBXProject "MemeAwesome Vol1" */ = {
			isa = XCConfigurationList;
			buildConfigurations = (
				86C8CB5A1DA73B11004D8680 /* Debug */,
				86C8CB5B1DA73B11004D8680 /* Release */,
			);
			defaultConfigurationIsVisible = 0;
			defaultConfigurationName = Release;
		};
		86C8CB5C1DA73B11004D8680 /* Build configuration list for PBXNativeTarget "StickerPackExtension" */ = {
			isa = XCConfigurationList;
			buildConfigurations = (
				86C8CB5D1DA73B11004D8680 /* Debug */,
				86C8CB5E1DA73B11004D8680 /* Release */,
			);
			defaultConfigurationIsVisible = 0;
		};
		86C8CB601DA73B11004D8680 /* Build configuration list for PBXNativeTarget "MemeAwesome Vol1" */ = {
			isa = XCConfigurationList;
			buildConfigurations = (
				86C8CB611DA73B11004D8680 /* Debug */,
				86C8CB621DA73B11004D8680 /* Release */,
			);
			defaultConfigurationIsVisible = 0;
		};
/* End XCConfigurationList section */
	};
	rootObject = 86C8CB491DA73B11004D8680 /* Project object */;
}
